Microsoft Visual Studio Solution File, Format Version 11.00
# Visual Studio 2010
Project("{8BC9CEB8-8B4A-11D0-8D11-00A0C91BC942}") = "basic", "tests\cpu\basic\basic.vcxproj", "{3B6039E8-E465-5B7A-D46D-6886B85D7F31}"
EndProject
Project("{2150E333-8FDC-42A3-9474-1A3956D46DE8}") = "tests", "tests", "{1647423A-0A19-49F5-873C-5848DC932310}"
EndProject
Project("{2150E333-8FDC-42A3-9474-1A3956D46DE8}") = "cpu", "cpu", "{E389458B-C6D4-4982-A49B-F6E3EFD7A37C}"
EndProject
Project("{8BC9CEB8-8B4A-11D0-8D11-00A0C91BC942}") = "ppu_integer_arithmetic", "tests\cpu\ppu_integer_arithmetic\ppu_integer_arithmetic.vcxproj", "{57277166-A9B7-3861-8E98-667CBEEB4037}"
EndProject
Project("{2150E333-8FDC-42A3-9474-1A3956D46DE8}") = "common", "common", "{225E06D1-465A-44BE-BD72-867C3C09F1D8}"
	ProjectSection(SolutionItems) = preProject
		common\lv2.h = common\lv2.h
		common\output.h = common\output.h
		common\util.h = common\util.h
	EndProjectSection
EndProject
Project("{2150E333-8FDC-42A3-9474-1A3956D46DE8}") = "benchmarks", "benchmarks", "{A000564A-C3DF-4F90-ADA8-382A4A2C9003}"
EndProject
Project("{2150E333-8FDC-42A3-9474-1A3956D46DE8}") = "memory", "memory", "{ED558B1A-97BE-4003-8B89-94D5B661B6E1}"
EndProject
Project("{2150E333-8FDC-42A3-9474-1A3956D46DE8}") = "cpu", "cpu", "{6849331B-9007-48AD-A313-54FDBD1FBF29}"
EndProject
Project("{2150E333-8FDC-42A3-9474-1A3956D46DE8}") = "gpu", "gpu", "{2E32C7D5-3DC8-42AE-AD39-687AD82EE97C}"
EndProject
Project("{8BC9CEB8-8B4A-11D0-8D11-00A0C91BC942}") = "basic", "tests\gpu\basic\basic.vcxproj", "{21C4D023-26F5-74B8-D1E2-B54151890D32}"
EndProject
Project("{2150E333-8FDC-42A3-9474-1A3956D46DE8}") = "lv2", "lv2", "{DC4E1EA9-CB9F-46CC-A132-6281F0A7ED5B}"
EndProject
Project("{8BC9CEB8-8B4A-11D0-8D11-00A0C91BC942}") = "sys_process", "tests\lv2\sys_process\sys_process.vcxproj", "{6EA0D850-79B3-26CB-4A6C-2C28DA869182}"
EndProject
Project("{8BC9CEB8-8B4A-11D0-8D11-00A0C91BC942}") = "sys_semaphore", "tests\lv2\sys_semaphore\sys_semaphore.vcxproj", "{BA944CEF-2D89-3AA8-658F-903EEB16B8AF}"
EndProject
Project("{8BC9CEB8-8B4A-11D0-8D11-00A0C91BC942}") = "sys_time", "tests\lv2\sys_time\sys_time.vcxproj", "{A50890EF-9F5D-4411-3255-07C853EADBAC}"
EndProject
Project("{8BC9CEB8-8B4A-11D0-8D11-00A0C91BC942}") = "sys_ppu_thread", "tests\lv2\sys_ppu_thread\sys_ppu_thread.vcxproj", "{F35E89DF-9EFE-23DE-3884-B6C02EC43511}"
EndProject
Project("{8BC9CEB8-8B4A-11D0-8D11-00A0C91BC942}") = "ppu_integer_compare", "tests\cpu\ppu_integer_compare\ppu_integer_compare.vcxproj", "{D31B79EF-548D-E0E3-2760-E4FA74548936}"
EndProject
Project("{8BC9CEB8-8B4A-11D0-8D11-00A0C91BC942}") = "ppu_integer_logical", "tests\cpu\ppu_integer_logical\ppu_integer_logical.vcxproj", "{CEDBC0E9-1773-4B04-7C1E-9041F286185C}"
EndProject
Project("{8BC9CEB8-8B4A-11D0-8D11-00A0C91BC942}") = "ppu_integer_rotate", "tests\cpu\ppu_integer_rotate\ppu_integer_rotate.vcxproj", "{EEB64A9F-5069-E46E-6D93-6BE5BC237196}"
EndProject
Project("{8BC9CEB8-8B4A-11D0-8D11-00A0C91BC942}") = "ppu_integer_shift", "tests\cpu\ppu_integer_shift\ppu_integer_shift.vcxproj", "{D144803F-950C-F196-1461-FDF0DF0F9CBC}"
EndProject
Project("{8BC9CEB8-8B4A-11D0-8D11-00A0C91BC942}") = "ppu_branch", "tests\cpu\ppu_branch\ppu_branch.vcxproj", "{7F74F5AC-FD61-EF31-775F-458BE6A55FEF}"
EndProject
Project("{8BC9CEB8-8B4A-11D0-8D11-00A0C91BC942}") = "ppu_integer_store", "tests\cpu\ppu_integer_store\ppu_integer_store.vcxproj", "{C822E9CA-B424-263A-E98E-AC177DA9A40D}"
EndProject
Project("{8BC9CEB8-8B4A-11D0-8D11-00A0C91BC942}") = "sys_event", "tests\lv2\sys_event\sys_event.vcxproj", "{087E95CA-672D-330F-7083-0BA551EFB05B}"
EndProject
Project("{8BC9CEB8-8B4A-11D0-8D11-00A0C91BC942}") = "ppu_float_arithmetic", "tests\cpu\ppu_float_arithmetic\ppu_float_arithmetic.vcxproj", "{0627DB30-5E71-9152-9FBC-85D0BB917A27}"
EndProject
Project("{8BC9CEB8-8B4A-11D0-8D11-00A0C91BC942}") = "ppu_float_compare", "tests\cpu\ppu_float_compare\ppu_float_compare.vcxproj", "{CA0C6180-EA51-5A84-47B6-61437D77F9D4}"
EndProject
Project("{8BC9CEB8-8B4A-11D0-8D11-00A0C91BC942}") = "ppu_float_conversion", "tests\cpu\ppu_float_conversion\ppu_float_conversion.vcxproj", "{83675033-AAD1-FF23-0B35-75C85312A43F}"
EndProject
Project("{8BC9CEB8-8B4A-11D0-8D11-00A0C91BC942}") = "ppu_vector_integer_arithmetic", "tests\cpu\ppu_vector_integer_arithmetic\ppu_vector_integer_arithmetic.vcxproj", "{AF4906C6-758F-FA18-F7C9-8953E574E21A}"
EndProject
Project("{8BC9CEB8-8B4A-11D0-8D11-00A0C91BC942}") = "ppu_vector_integer_compare", "tests\cpu\ppu_vector_integer_compare\ppu_vector_integer_compare.vcxproj", "{7C08D9CE-06C6-0B73-5072-BAC4D8F9EC77}"
EndProject
Project("{8BC9CEB8-8B4A-11D0-8D11-00A0C91BC942}") = "ppu_integer", "benchmarks\cpu\ppu_integer\ppu_integer.vcxproj", "{E76141C0-07FB-2A25-AB37-D7F9DCFB3C74}"
EndProject
Project("{2150E333-8FDC-42A3-9474-1A3956D46DE8}") = "misc", "misc", "{FF9794F3-7E30-4909-80DD-36CA5D6B2459}"
EndProject
Project("{8BC9CEB8-8B4A-11D0-8D11-00A0C91BC942}") = "process_init", "tests\misc\process_init\process_init.vcxproj", "{F751868F-4804-B27A-F9BD-A1A72BA2DD77}"
EndProject
Project("{8BC9CEB8-8B4A-11D0-8D11-00A0C91BC942}") = "process_init2", "tests\misc\process_init2\process_init2.vcxproj", "{7B081B54-EC1B-3210-41F8-15DD3C0066A7}"
EndProject
Project("{8BC9CEB8-8B4A-11D0-8D11-00A0C91BC942}") = "primitives", "tests\gpu\primitives\primitives.vcxproj", "{8A1CE6B6-5BD4-44BF-8E52-327688109B91}"
EndProject
Project("{8BC9CEB8-8B4A-11D0-8D11-00A0C91BC942}") = "sys_rsx", "tests\lv2\sys_rsx\sys_rsx.vcxproj", "{ACB281E9-A08E-476C-5D9A-F11CF6210CC8}"
EndProject
Project("{8BC9CEB8-8B4A-11D0-8D11-00A0C91BC942}") = "methods_pfifo_puller", "tests\gpu\methods_pfifo_puller\methods_pfifo_puller.vcxproj", "{F23627D3-BC1C-5661-4C4E-262B559F9E56}"
EndProject
Project("{8BC9CEB8-8B4A-11D0-8D11-00A0C91BC942}") = "ppu_float_load", "tests\cpu\ppu_float_load\ppu_float_load.vcxproj", "{8FC6FCDC-9B86-A661-AD48-158D67EB1BB0}"
EndProject
Project("{8BC9CEB8-8B4A-11D0-8D11-00A0C91BC942}") = "ppu_float_store", "tests\cpu\ppu_float_store\ppu_float_store.vcxproj", "{37826739-28BB-2DCF-8DFE-F70A4307FE72}"
EndProject
Project("{8BC9CEB8-8B4A-11D0-8D11-00A0C91BC942}") = "methods_sce_driver", "tests\gpu\methods_sce_driver\methods_sce_driver.vcxproj", "{12D54127-DE7E-D652-07CA-5FE2CBC96AE7}"
EndProject
Project("{8BC9CEB8-8B4A-11D0-8D11-00A0C91BC942}") = "ramht", "tests\gpu\ramht\ramht.vcxproj", "{9B96B57F-105F-CE51-5FA1-0107FFFC1522}"
EndProject
Project("{8BC9CEB8-8B4A-11D0-8D11-00A0C91BC942}") = "dump_ramin", "tests\gpu\dump_ramin\dump_ramin.vcxproj", "{C0251F77-B5BF-57BA-5FCA-0B7B0CE16FD5}"
EndProject
Project("{8BC9CEB8-8B4A-11D0-8D11-00A0C91BC942}") = "dump_mmio", "tests\gpu\dump_mmio\dump_mmio.vcxproj", "{4C8D6E75-3B16-DA7F-5801-97C86C06DD99}"
EndProject
Global
	GlobalSection(SolutionConfigurationPlatforms) = preSolution
		Debug|PS3 = Debug|PS3
		Release|PS3 = Release|PS3
	EndGlobalSection
	GlobalSection(ProjectConfigurationPlatforms) = postSolution
		{3B6039E8-E465-5B7A-D46D-6886B85D7F31}.Debug|PS3.ActiveCfg = Debug|PS3
		{3B6039E8-E465-5B7A-D46D-6886B85D7F31}.Debug|PS3.Build.0 = Debug|PS3
		{3B6039E8-E465-5B7A-D46D-6886B85D7F31}.Release|PS3.ActiveCfg = Release|PS3
		{3B6039E8-E465-5B7A-D46D-6886B85D7F31}.Release|PS3.Build.0 = Release|PS3
		{57277166-A9B7-3861-8E98-667CBEEB4037}.Debug|PS3.ActiveCfg = Debug|PS3
		{57277166-A9B7-3861-8E98-667CBEEB4037}.Debug|PS3.Build.0 = Debug|PS3
		{57277166-A9B7-3861-8E98-667CBEEB4037}.Release|PS3.ActiveCfg = Release|PS3
		{57277166-A9B7-3861-8E98-667CBEEB4037}.Release|PS3.Build.0 = Release|PS3
		{21C4D023-26F5-74B8-D1E2-B54151890D32}.Debug|PS3.ActiveCfg = Debug|PS3
		{21C4D023-26F5-74B8-D1E2-B54151890D32}.Debug|PS3.Build.0 = Debug|PS3
		{21C4D023-26F5-74B8-D1E2-B54151890D32}.Release|PS3.ActiveCfg = Release|PS3
		{21C4D023-26F5-74B8-D1E2-B54151890D32}.Release|PS3.Build.0 = Release|PS3
		{6EA0D850-79B3-26CB-4A6C-2C28DA869182}.Debug|PS3.ActiveCfg = Debug|PS3
		{6EA0D850-79B3-26CB-4A6C-2C28DA869182}.Debug|PS3.Build.0 = Debug|PS3
		{6EA0D850-79B3-26CB-4A6C-2C28DA869182}.Release|PS3.ActiveCfg = Release|PS3
		{6EA0D850-79B3-26CB-4A6C-2C28DA869182}.Release|PS3.Build.0 = Release|PS3
		{BA944CEF-2D89-3AA8-658F-903EEB16B8AF}.Debug|PS3.ActiveCfg = Debug|PS3
		{BA944CEF-2D89-3AA8-658F-903EEB16B8AF}.Debug|PS3.Build.0 = Debug|PS3
		{BA944CEF-2D89-3AA8-658F-903EEB16B8AF}.Release|PS3.ActiveCfg = Release|PS3
		{BA944CEF-2D89-3AA8-658F-903EEB16B8AF}.Release|PS3.Build.0 = Release|PS3
		{A50890EF-9F5D-4411-3255-07C853EADBAC}.Debug|PS3.ActiveCfg = Debug|PS3
		{A50890EF-9F5D-4411-3255-07C853EADBAC}.Debug|PS3.Build.0 = Debug|PS3
		{A50890EF-9F5D-4411-3255-07C853EADBAC}.Release|PS3.ActiveCfg = Release|PS3
		{A50890EF-9F5D-4411-3255-07C853EADBAC}.Release|PS3.Build.0 = Release|PS3
		{F35E89DF-9EFE-23DE-3884-B6C02EC43511}.Debug|PS3.ActiveCfg = Debug|PS3
		{F35E89DF-9EFE-23DE-3884-B6C02EC43511}.Debug|PS3.Build.0 = Debug|PS3
		{F35E89DF-9EFE-23DE-3884-B6C02EC43511}.Release|PS3.ActiveCfg = Release|PS3
		{F35E89DF-9EFE-23DE-3884-B6C02EC43511}.Release|PS3.Build.0 = Release|PS3
		{D31B79EF-548D-E0E3-2760-E4FA74548936}.Debug|PS3.ActiveCfg = Debug|PS3
		{D31B79EF-548D-E0E3-2760-E4FA74548936}.Debug|PS3.Build.0 = Debug|PS3
		{D31B79EF-548D-E0E3-2760-E4FA74548936}.Release|PS3.ActiveCfg = Release|PS3
		{D31B79EF-548D-E0E3-2760-E4FA74548936}.Release|PS3.Build.0 = Release|PS3
		{CEDBC0E9-1773-4B04-7C1E-9041F286185C}.Debug|PS3.ActiveCfg = Debug|PS3
		{CEDBC0E9-1773-4B04-7C1E-9041F286185C}.Debug|PS3.Build.0 = Debug|PS3
		{CEDBC0E9-1773-4B04-7C1E-9041F286185C}.Release|PS3.ActiveCfg = Release|PS3
		{CEDBC0E9-1773-4B04-7C1E-9041F286185C}.Release|PS3.Build.0 = Release|PS3
		{EEB64A9F-5069-E46E-6D93-6BE5BC237196}.Debug|PS3.ActiveCfg = Debug|PS3
		{EEB64A9F-5069-E46E-6D93-6BE5BC237196}.Debug|PS3.Build.0 = Debug|PS3
		{EEB64A9F-5069-E46E-6D93-6BE5BC237196}.Release|PS3.ActiveCfg = Release|PS3
		{EEB64A9F-5069-E46E-6D93-6BE5BC237196}.Release|PS3.Build.0 = Release|PS3
		{D144803F-950C-F196-1461-FDF0DF0F9CBC}.Debug|PS3.ActiveCfg = Debug|PS3
		{D144803F-950C-F196-1461-FDF0DF0F9CBC}.Debug|PS3.Build.0 = Debug|PS3
		{D144803F-950C-F196-1461-FDF0DF0F9CBC}.Release|PS3.ActiveCfg = Release|PS3
		{D144803F-950C-F196-1461-FDF0DF0F9CBC}.Release|PS3.Build.0 = Release|PS3
		{7F74F5AC-FD61-EF31-775F-458BE6A55FEF}.Debug|PS3.ActiveCfg = Debug|PS3
		{7F74F5AC-FD61-EF31-775F-458BE6A55FEF}.Debug|PS3.Build.0 = Debug|PS3
		{7F74F5AC-FD61-EF31-775F-458BE6A55FEF}.Release|PS3.ActiveCfg = Release|PS3
		{7F74F5AC-FD61-EF31-775F-458BE6A55FEF}.Release|PS3.Build.0 = Release|PS3
		{C822E9CA-B424-263A-E98E-AC177DA9A40D}.Debug|PS3.ActiveCfg = Debug|PS3
		{C822E9CA-B424-263A-E98E-AC177DA9A40D}.Debug|PS3.Build.0 = Debug|PS3
		{C822E9CA-B424-263A-E98E-AC177DA9A40D}.Release|PS3.ActiveCfg = Release|PS3
		{C822E9CA-B424-263A-E98E-AC177DA9A40D}.Release|PS3.Build.0 = Release|PS3
		{087E95CA-672D-330F-7083-0BA551EFB05B}.Debug|PS3.ActiveCfg = Debug|PS3
		{087E95CA-672D-330F-7083-0BA551EFB05B}.Debug|PS3.Build.0 = Debug|PS3
		{087E95CA-672D-330F-7083-0BA551EFB05B}.Release|PS3.ActiveCfg = Release|PS3
		{087E95CA-672D-330F-7083-0BA551EFB05B}.Release|PS3.Build.0 = Release|PS3
		{0627DB30-5E71-9152-9FBC-85D0BB917A27}.Debug|PS3.ActiveCfg = Debug|PS3
		{0627DB30-5E71-9152-9FBC-85D0BB917A27}.Debug|PS3.Build.0 = Debug|PS3
		{0627DB30-5E71-9152-9FBC-85D0BB917A27}.Release|PS3.ActiveCfg = Release|PS3
		{0627DB30-5E71-9152-9FBC-85D0BB917A27}.Release|PS3.Build.0 = Release|PS3
		{CA0C6180-EA51-5A84-47B6-61437D77F9D4}.Debug|PS3.ActiveCfg = Debug|PS3
		{CA0C6180-EA51-5A84-47B6-61437D77F9D4}.Debug|PS3.Build.0 = Debug|PS3
		{CA0C6180-EA51-5A84-47B6-61437D77F9D4}.Release|PS3.ActiveCfg = Release|PS3
		{CA0C6180-EA51-5A84-47B6-61437D77F9D4}.Release|PS3.Build.0 = Release|PS3
		{83675033-AAD1-FF23-0B35-75C85312A43F}.Debug|PS3.ActiveCfg = Debug|PS3
		{83675033-AAD1-FF23-0B35-75C85312A43F}.Debug|PS3.Build.0 = Debug|PS3
		{83675033-AAD1-FF23-0B35-75C85312A43F}.Release|PS3.ActiveCfg = Release|PS3
		{83675033-AAD1-FF23-0B35-75C85312A43F}.Release|PS3.Build.0 = Release|PS3
		{AF4906C6-758F-FA18-F7C9-8953E574E21A}.Debug|PS3.ActiveCfg = Debug|PS3
		{AF4906C6-758F-FA18-F7C9-8953E574E21A}.Debug|PS3.Build.0 = Debug|PS3
		{AF4906C6-758F-FA18-F7C9-8953E574E21A}.Release|PS3.ActiveCfg = Release|PS3
		{AF4906C6-758F-FA18-F7C9-8953E574E21A}.Release|PS3.Build.0 = Release|PS3
		{7C08D9CE-06C6-0B73-5072-BAC4D8F9EC77}.Debug|PS3.ActiveCfg = Debug|PS3
		{7C08D9CE-06C6-0B73-5072-BAC4D8F9EC77}.Debug|PS3.Build.0 = Debug|PS3
		{7C08D9CE-06C6-0B73-5072-BAC4D8F9EC77}.Release|PS3.ActiveCfg = Release|PS3
		{7C08D9CE-06C6-0B73-5072-BAC4D8F9EC77}.Release|PS3.Build.0 = Release|PS3
		{E76141C0-07FB-2A25-AB37-D7F9DCFB3C74}.Debug|PS3.ActiveCfg = Debug|PS3
		{E76141C0-07FB-2A25-AB37-D7F9DCFB3C74}.Debug|PS3.Build.0 = Debug|PS3
		{E76141C0-07FB-2A25-AB37-D7F9DCFB3C74}.Release|PS3.ActiveCfg = Release|PS3
		{E76141C0-07FB-2A25-AB37-D7F9DCFB3C74}.Release|PS3.Build.0 = Release|PS3
		{F751868F-4804-B27A-F9BD-A1A72BA2DD77}.Debug|PS3.ActiveCfg = Debug|PS3
		{F751868F-4804-B27A-F9BD-A1A72BA2DD77}.Debug|PS3.Build.0 = Debug|PS3
		{F751868F-4804-B27A-F9BD-A1A72BA2DD77}.Release|PS3.ActiveCfg = Release|PS3
		{F751868F-4804-B27A-F9BD-A1A72BA2DD77}.Release|PS3.Build.0 = Release|PS3
		{7B081B54-EC1B-3210-41F8-15DD3C0066A7}.Debug|PS3.ActiveCfg = Debug|PS3
		{7B081B54-EC1B-3210-41F8-15DD3C0066A7}.Debug|PS3.Build.0 = Debug|PS3
		{7B081B54-EC1B-3210-41F8-15DD3C0066A7}.Release|PS3.ActiveCfg = Release|PS3
		{7B081B54-EC1B-3210-41F8-15DD3C0066A7}.Release|PS3.Build.0 = Release|PS3
		{8A1CE6B6-5BD4-44BF-8E52-327688109B91}.Debug|PS3.ActiveCfg = Debug|PS3
		{8A1CE6B6-5BD4-44BF-8E52-327688109B91}.Debug|PS3.Build.0 = Debug|PS3
		{8A1CE6B6-5BD4-44BF-8E52-327688109B91}.Release|PS3.ActiveCfg = Release|PS3
		{8A1CE6B6-5BD4-44BF-8E52-327688109B91}.Release|PS3.Build.0 = Release|PS3
		{ACB281E9-A08E-476C-5D9A-F11CF6210CC8}.Debug|PS3.ActiveCfg = Debug|PS3
		{ACB281E9-A08E-476C-5D9A-F11CF6210CC8}.Debug|PS3.Build.0 = Debug|PS3
		{ACB281E9-A08E-476C-5D9A-F11CF6210CC8}.Release|PS3.ActiveCfg = Release|PS3
		{ACB281E9-A08E-476C-5D9A-F11CF6210CC8}.Release|PS3.Build.0 = Release|PS3
		{F23627D3-BC1C-5661-4C4E-262B559F9E56}.Debug|PS3.ActiveCfg = Debug|PS3
		{F23627D3-BC1C-5661-4C4E-262B559F9E56}.Debug|PS3.Build.0 = Debug|PS3
		{F23627D3-BC1C-5661-4C4E-262B559F9E56}.Release|PS3.ActiveCfg = Release|PS3
		{F23627D3-BC1C-5661-4C4E-262B559F9E56}.Release|PS3.Build.0 = Release|PS3
		{8FC6FCDC-9B86-A661-AD48-158D67EB1BB0}.Debug|PS3.ActiveCfg = Debug|PS3
		{8FC6FCDC-9B86-A661-AD48-158D67EB1BB0}.Debug|PS3.Build.0 = Debug|PS3
		{8FC6FCDC-9B86-A661-AD48-158D67EB1BB0}.Release|PS3.ActiveCfg = Release|PS3
		{8FC6FCDC-9B86-A661-AD48-158D67EB1BB0}.Release|PS3.Build.0 = Release|PS3
		{37826739-28BB-2DCF-8DFE-F70A4307FE72}.Debug|PS3.ActiveCfg = Debug|PS3
		{37826739-28BB-2DCF-8DFE-F70A4307FE72}.Debug|PS3.Build.0 = Debug|PS3
		{37826739-28BB-2DCF-8DFE-F70A4307FE72}.Release|PS3.ActiveCfg = Release|PS3
		{37826739-28BB-2DCF-8DFE-F70A4307FE72}.Release|PS3.Build.0 = Release|PS3
		{12D54127-DE7E-D652-07CA-5FE2CBC96AE7}.Debug|PS3.ActiveCfg = Debug|PS3
		{12D54127-DE7E-D652-07CA-5FE2CBC96AE7}.Debug|PS3.Build.0 = Debug|PS3
		{12D54127-DE7E-D652-07CA-5FE2CBC96AE7}.Release|PS3.ActiveCfg = Release|PS3
		{12D54127-DE7E-D652-07CA-5FE2CBC96AE7}.Release|PS3.Build.0 = Release|PS3
		{9B96B57F-105F-CE51-5FA1-0107FFFC1522}.Debug|PS3.ActiveCfg = Debug|PS3
		{9B96B57F-105F-CE51-5FA1-0107FFFC1522}.Debug|PS3.Build.0 = Debug|PS3
		{9B96B57F-105F-CE51-5FA1-0107FFFC1522}.Release|PS3.ActiveCfg = Release|PS3
		{9B96B57F-105F-CE51-5FA1-0107FFFC1522}.Release|PS3.Build.0 = Release|PS3
		{C0251F77-B5BF-57BA-5FCA-0B7B0CE16FD5}.Debug|PS3.ActiveCfg = Debug|PS3
		{C0251F77-B5BF-57BA-5FCA-0B7B0CE16FD5}.Debug|PS3.Build.0 = Debug|PS3
		{C0251F77-B5BF-57BA-5FCA-0B7B0CE16FD5}.Release|PS3.ActiveCfg = Release|PS3
		{C0251F77-B5BF-57BA-5FCA-0B7B0CE16FD5}.Release|PS3.Build.0 = Release|PS3
		{4C8D6E75-3B16-DA7F-5801-97C86C06DD99}.Debug|PS3.ActiveCfg = Debug|PS3
		{4C8D6E75-3B16-DA7F-5801-97C86C06DD99}.Debug|PS3.Build.0 = Debug|PS3
		{4C8D6E75-3B16-DA7F-5801-97C86C06DD99}.Release|PS3.ActiveCfg = Release|PS3
		{4C8D6E75-3B16-DA7F-5801-97C86C06DD99}.Release|PS3.Build.0 = Release|PS3
	EndGlobalSection
	GlobalSection(SolutionProperties) = preSolution
		HideSolutionNode = FALSE
	EndGlobalSection
	GlobalSection(NestedProjects) = preSolution
		{E389458B-C6D4-4982-A49B-F6E3EFD7A37C} = {1647423A-0A19-49F5-873C-5848DC932310}
		{2E32C7D5-3DC8-42AE-AD39-687AD82EE97C} = {1647423A-0A19-49F5-873C-5848DC932310}
		{DC4E1EA9-CB9F-46CC-A132-6281F0A7ED5B} = {1647423A-0A19-49F5-873C-5848DC932310}
		{FF9794F3-7E30-4909-80DD-36CA5D6B2459} = {1647423A-0A19-49F5-873C-5848DC932310}
		{3B6039E8-E465-5B7A-D46D-6886B85D7F31} = {E389458B-C6D4-4982-A49B-F6E3EFD7A37C}
		{57277166-A9B7-3861-8E98-667CBEEB4037} = {E389458B-C6D4-4982-A49B-F6E3EFD7A37C}
		{D31B79EF-548D-E0E3-2760-E4FA74548936} = {E389458B-C6D4-4982-A49B-F6E3EFD7A37C}
		{CEDBC0E9-1773-4B04-7C1E-9041F286185C} = {E389458B-C6D4-4982-A49B-F6E3EFD7A37C}
		{EEB64A9F-5069-E46E-6D93-6BE5BC237196} = {E389458B-C6D4-4982-A49B-F6E3EFD7A37C}
		{D144803F-950C-F196-1461-FDF0DF0F9CBC} = {E389458B-C6D4-4982-A49B-F6E3EFD7A37C}
		{7F74F5AC-FD61-EF31-775F-458BE6A55FEF} = {E389458B-C6D4-4982-A49B-F6E3EFD7A37C}
		{C822E9CA-B424-263A-E98E-AC177DA9A40D} = {E389458B-C6D4-4982-A49B-F6E3EFD7A37C}
		{0627DB30-5E71-9152-9FBC-85D0BB917A27} = {E389458B-C6D4-4982-A49B-F6E3EFD7A37C}
		{CA0C6180-EA51-5A84-47B6-61437D77F9D4} = {E389458B-C6D4-4982-A49B-F6E3EFD7A37C}
		{83675033-AAD1-FF23-0B35-75C85312A43F} = {E389458B-C6D4-4982-A49B-F6E3EFD7A37C}
		{AF4906C6-758F-FA18-F7C9-8953E574E21A} = {E389458B-C6D4-4982-A49B-F6E3EFD7A37C}
		{7C08D9CE-06C6-0B73-5072-BAC4D8F9EC77} = {E389458B-C6D4-4982-A49B-F6E3EFD7A37C}
		{8FC6FCDC-9B86-A661-AD48-158D67EB1BB0} = {E389458B-C6D4-4982-A49B-F6E3EFD7A37C}
		{37826739-28BB-2DCF-8DFE-F70A4307FE72} = {E389458B-C6D4-4982-A49B-F6E3EFD7A37C}
		{ED558B1A-97BE-4003-8B89-94D5B661B6E1} = {A000564A-C3DF-4F90-ADA8-382A4A2C9003}
		{6849331B-9007-48AD-A313-54FDBD1FBF29} = {A000564A-C3DF-4F90-ADA8-382A4A2C9003}
		{E76141C0-07FB-2A25-AB37-D7F9DCFB3C74} = {6849331B-9007-48AD-A313-54FDBD1FBF29}
		{21C4D023-26F5-74B8-D1E2-B54151890D32} = {2E32C7D5-3DC8-42AE-AD39-687AD82EE97C}
		{8A1CE6B6-5BD4-44BF-8E52-327688109B91} = {2E32C7D5-3DC8-42AE-AD39-687AD82EE97C}
		{F23627D3-BC1C-5661-4C4E-262B559F9E56} = {2E32C7D5-3DC8-42AE-AD39-687AD82EE97C}
		{12D54127-DE7E-D652-07CA-5FE2CBC96AE7} = {2E32C7D5-3DC8-42AE-AD39-687AD82EE97C}
		{9B96B57F-105F-CE51-5FA1-0107FFFC1522} = {2E32C7D5-3DC8-42AE-AD39-687AD82EE97C}
		{4C8D6E75-3B16-DA7F-5801-97C86C06DD99} = {2E32C7D5-3DC8-42AE-AD39-687AD82EE97C}
		{6EA0D850-79B3-26CB-4A6C-2C28DA869182} = {DC4E1EA9-CB9F-46CC-A132-6281F0A7ED5B}
		{BA944CEF-2D89-3AA8-658F-903EEB16B8AF} = {DC4E1EA9-CB9F-46CC-A132-6281F0A7ED5B}
		{A50890EF-9F5D-4411-3255-07C853EADBAC} = {DC4E1EA9-CB9F-46CC-A132-6281F0A7ED5B}
		{F35E89DF-9EFE-23DE-3884-B6C02EC43511} = {DC4E1EA9-CB9F-46CC-A132-6281F0A7ED5B}
		{087E95CA-672D-330F-7083-0BA551EFB05B} = {DC4E1EA9-CB9F-46CC-A132-6281F0A7ED5B}
		{ACB281E9-A08E-476C-5D9A-F11CF6210CC8} = {DC4E1EA9-CB9F-46CC-A132-6281F0A7ED5B}
		{F751868F-4804-B27A-F9BD-A1A72BA2DD77} = {FF9794F3-7E30-4909-80DD-36CA5D6B2459}
		{7B081B54-EC1B-3210-41F8-15DD3C0066A7} = {FF9794F3-7E30-4909-80DD-36CA5D6B2459}
	EndGlobalSection
EndGlobal
